// !$*UTF8*$!
{
	archiveVersion = 1;
	classes = {
	};
	objectVersion = 48;
	objects = {

/* Begin PBXBuildFile section */
		18A8744321AD39280032A9EF /* AppDelegate.swift in Sources */ = {isa = PBXBuildFile; fileRef = 18A8744221AD39280032A9EF /* AppDelegate.swift */; };
		18A8744521AD39280032A9EF /* ViewController.swift in Sources */ = {isa = PBXBuildFile; fileRef = 18A8744421AD39280032A9EF /* ViewController.swift */; };
		18A8744821AD39280032A9EF /* Main.storyboard in Resources */ = {isa = PBXBuildFile; fileRef = 18A8744621AD39280032A9EF /* Main.storyboard */; };
		18A8744A21AD39280032A9EF /* Assets.xcassets in Resources */ = {isa = PBXBuildFile; fileRef = 18A8744921AD39280032A9EF /* Assets.xcassets */; };
		18A8744D21AD39280032A9EF /* LaunchScreen.storyboard in Resources */ = {isa = PBXBuildFile; fileRef = 18A8744B21AD39280032A9EF /* LaunchScreen.storyboard */; };
		18A8745821AD39280032A9EF /* GestureTests.swift in Sources */ = {isa = PBXBuildFile; fileRef = 18A8745721AD39280032A9EF /* GestureTests.swift */; };
		18A8746321AD39280032A9EF /* GestureUITests.swift in Sources */ = {isa = PBXBuildFile; fileRef = 18A8746221AD39280032A9EF /* GestureUITests.swift */; };
		18A8747321AD399A0032A9EF /* CircleView.swift in Sources */ = {isa = PBXBuildFile; fileRef = 18A8747221AD399A0032A9EF /* CircleView.swift */; };
/* End PBXBuildFile section */

/* Begin PBXContainerItemProxy section */
		18A8745421AD39280032A9EF /* PBXContainerItemProxy */ = {
			isa = PBXContainerItemProxy;
			containerPortal = 18A8743721AD39280032A9EF /* Project object */;
			proxyType = 1;
			remoteGlobalIDString = 18A8743E21AD39280032A9EF;
			remoteInfo = Gesture;
		};
		18A8745F21AD39280032A9EF /* PBXContainerItemProxy */ = {
			isa = PBXContainerItemProxy;
			containerPortal = 18A8743721AD39280032A9EF /* Project object */;
			proxyType = 1;
			remoteGlobalIDString = 18A8743E21AD39280032A9EF;
			remoteInfo = Gesture;
		};
/* End PBXContainerItemProxy section */

/* Begin PBXFileReference section */
		18A8743F21AD39280032A9EF /* Gesture.app */ = {isa = PBXFileReference; explicitFileType = wrapper.application; includeInIndex = 0; path = Gesture.app; sourceTree = BUILT_PRODUCTS_DIR; };
		18A8744221AD39280032A9EF /* AppDelegate.swift */ = {isa = PBXFileReference; lastKnownFileType = sourcecode.swift; path = AppDelegate.swift; sourceTree = "<group>"; };
		18A8744421AD39280032A9EF /* ViewController.swift */ = {isa = PBXFileReference; lastKnownFileType = sourcecode.swift; path = ViewController.swift; sourceTree = "<group>"; };
		18A8744721AD39280032A9EF /* Base */ = {isa = PBXFileReference; lastKnownFileType = file.storyboard; name = Base; path = Base.lproj/Main.storyboard; sourceTree = "<group>"; };
		18A8744921AD39280032A9EF /* Assets.xcassets */ = {isa = PBXFileReference; lastKnownFileType = folder.assetcatalog; path = Assets.xcassets; sourceTree = "<group>"; };
		18A8744C21AD39280032A9EF /* Base */ = {isa = PBXFileReference; lastKnownFileType = file.storyboard; name = Base; path = Base.lproj/LaunchScreen.storyboard; sourceTree = "<group>"; };
		18A8744E21AD39280032A9EF /* Info.plist */ = {isa = PBXFileReference; lastKnownFileType = text.plist.xml; path = Info.plist; sourceTree = "<group>"; };
		18A8745321AD39280032A9EF /* GestureTests.xctest */ = {isa = PBXFileReference; explicitFileType = wrapper.cfbundle; includeInIndex = 0; path = GestureTests.xctest; sourceTree = BUILT_PRODUCTS_DIR; };
		18A8745721AD39280032A9EF /* GestureTests.swift */ = {isa = PBXFileReference; lastKnownFileType = sourcecode.swift; path = GestureTests.swift; sourceTree = "<group>"; };
		18A8745921AD39280032A9EF /* Info.plist */ = {isa = PBXFileReference; lastKnownFileType = text.plist.xml; path = Info.plist; sourceTree = "<group>"; };
		18A8745E21AD39280032A9EF /* GestureUITests.xctest */ = {isa = PBXFileReference; explicitFileType = wrapper.cfbundle; includeInIndex = 0; path = GestureUITests.xctest; sourceTree = BUILT_PRODUCTS_DIR; };
		18A8746221AD39280032A9EF /* GestureUITests.swift */ = {isa = PBXFileReference; lastKnownFileType = sourcecode.swift; path = GestureUITests.swift; sourceTree = "<group>"; };
		18A8746421AD39280032A9EF /* Info.plist */ = {isa = PBXFileReference; lastKnownFileType = text.plist.xml; path = Info.plist; sourceTree = "<group>"; };
		18A8747221AD399A0032A9EF /* CircleView.swift */ = {isa = PBXFileReference; lastKnownFileType = sourcecode.swift; path = CircleView.swift; sourceTree = "<group>"; };
/* End PBXFileReference section */

/* Begin PBXFrameworksBuildPhase section */
		18A8743C21AD39280032A9EF /* Frameworks */ = {
			isa = PBXFrameworksBuildPhase;
			buildActionMask = 2147483647;
			files = (
			);
			runOnlyForDeploymentPostprocessing = 0;
		};
		18A8745021AD39280032A9EF /* Frameworks */ = {
			isa = PBXFrameworksBuildPhase;
			buildActionMask = 2147483647;
			files = (
			);
			runOnlyForDeploymentPostprocessing = 0;
		};
		18A8745B21AD39280032A9EF /* Frameworks */ = {
			isa = PBXFrameworksBuildPhase;
			buildActionMask = 2147483647;
			files = (
			);
			runOnlyForDeploymentPostprocessing = 0;
		};
/* End PBXFrameworksBuildPhase section */

/* Begin PBXGroup section */
		18A8743621AD39280032A9EF = {
			isa = PBXGroup;
			children = (
				18A8744121AD39280032A9EF /* Gesture */,
				18A8745621AD39280032A9EF /* GestureTests */,
				18A8746121AD39280032A9EF /* GestureUITests */,
				18A8744021AD39280032A9EF /* Products */,
			);
			sourceTree = "<group>";
		};
		18A8744021AD39280032A9EF /* Products */ = {
			isa = PBXGroup;
			children = (
				18A8743F21AD39280032A9EF /* Gesture.app */,
				18A8745321AD39280032A9EF /* GestureTests.xctest */,
				18A8745E21AD39280032A9EF /* GestureUITests.xctest */,
			);
			name = Products;
			sourceTree = "<group>";
		};
		18A8744121AD39280032A9EF /* Gesture */ = {
			isa = PBXGroup;
			children = (
				18A8744221AD39280032A9EF /* AppDelegate.swift */,
				18A8744421AD39280032A9EF /* ViewController.swift */,
				18A8744621AD39280032A9EF /* Main.storyboard */,
				18A8744921AD39280032A9EF /* Assets.xcassets */,
				18A8744B21AD39280032A9EF /* LaunchScreen.storyboard */,
				18A8744E21AD39280032A9EF /* Info.plist */,
				18A8747221AD399A0032A9EF /* CircleView.swift */,
			);
			path = Gesture;
			sourceTree = "<group>";
		};
		18A8745621AD39280032A9EF /* GestureTests */ = {
			isa = PBXGroup;
			children = (
				18A8745721AD39280032A9EF /* GestureTests.swift */,
				18A8745921AD39280032A9EF /* Info.plist */,
			);
			path = GestureTests;
			sourceTree = "<group>";
		};
		18A8746121AD39280032A9EF /* GestureUITests */ = {
			isa = PBXGroup;
			children = (
				18A8746221AD39280032A9EF /* GestureUITests.swift */,
				18A8746421AD39280032A9EF /* Info.plist */,
			);
			path = GestureUITests;
			sourceTree = "<group>";
		};
/* End PBXGroup section */

/* Begin PBXNativeTarget section */
		18A8743E21AD39280032A9EF /* Gesture */ = {
			isa = PBXNativeTarget;
			buildConfigurationList = 18A8746721AD39280032A9EF /* Build configuration list for PBXNativeTarget "Gesture" */;
			buildPhases = (
				18A8743B21AD39280032A9EF /* Sources */,
				18A8743C21AD39280032A9EF /* Frameworks */,
				18A8743D21AD39280032A9EF /* Resources */,
			);
			buildRules = (
			);
			dependencies = (
			);
			name = Gesture;
			productName = Gesture;
			productReference = 18A8743F21AD39280032A9EF /* Gesture.app */;
			productType = "com.apple.product-type.application";
		};
		18A8745221AD39280032A9EF /* GestureTests */ = {
			isa = PBXNativeTarget;
			buildConfigurationList = 18A8746A21AD39280032A9EF /* Build configuration list for PBXNativeTarget "GestureTests" */;
			buildPhases = (
				18A8744F21AD39280032A9EF /* Sources */,
				18A8745021AD39280032A9EF /* Frameworks */,
				18A8745121AD39280032A9EF /* Resources */,
			);
			buildRules = (
			);
			dependencies = (
				18A8745521AD39280032A9EF /* PBXTargetDependency */,
			);
			name = GestureTests;
			productName = GestureTests;
			productReference = 18A8745321AD39280032A9EF /* GestureTests.xctest */;
			productType = "com.apple.product-type.bundle.unit-test";
		};
		18A8745D21AD39280032A9EF /* GestureUITests */ = {
			isa = PBXNativeTarget;
			buildConfigurationList = 18A8746D21AD39280032A9EF /* Build configuration list for PBXNativeTarget "GestureUITests" */;
			buildPhases = (
				18A8745A21AD39280032A9EF /* Sources */,
				18A8745B21AD39280032A9EF /* Frameworks */,
				18A8745C21AD39280032A9EF /* Resources */,
			);
			buildRules = (
			);
			dependencies = (
				18A8746021AD39280032A9EF /* PBXTargetDependency */,
			);
			name = GestureUITests;
			productName = GestureUITests;
			productReference = 18A8745E21AD39280032A9EF /* GestureUITests.xctest */;
			productType = "com.apple.product-type.bundle.ui-testing";
		};
/* End PBXNativeTarget section */

/* Begin PBXProject section */
		18A8743721AD39280032A9EF /* Project object */ = {
			isa = PBXProject;
			attributes = {
				LastSwiftUpdateCheck = 0920;
				LastUpgradeCheck = 0920;
				ORGANIZATIONNAME = wanfengling;
				TargetAttributes = {
					18A8743E21AD39280032A9EF = {
						CreatedOnToolsVersion = 9.2;
						ProvisioningStyle = Automatic;
					};
					18A8745221AD39280032A9EF = {
						CreatedOnToolsVersion = 9.2;
						ProvisioningStyle = Automatic;
						TestTargetID = 18A8743E21AD39280032A9EF;
					};
					18A8745D21AD39280032A9EF = {
						CreatedOnToolsVersion = 9.2;
						ProvisioningStyle = Automatic;
						TestTargetID = 18A8743E21AD39280032A9EF;
					};
				};
			};
			buildConfigurationList = 18A8743A21AD39280032A9EF /* Build configuration list for PBXProject "Gesture" */;
			compatibilityVersion = "Xcode 8.0";
			developmentRegion = en;
			hasScannedForEncodings = 0;
			knownRegions = (
				en,
				Base,
			);
			mainGroup = 18A8743621AD39280032A9EF;
			productRefGroup = 18A8744021AD39280032A9EF /* Products */;
			projectDirPath = "";
			projectRoot = "";
			targets = (
				18A8743E21AD39280032A9EF /* Gesture */,
				18A8745221AD39280032A9EF /* GestureTests */,
				18A8745D21AD39280032A9EF /* GestureUITests */,
			);
		};
/* End PBXProject section */

/* Begin PBXResourcesBuildPhase section */
		18A8743D21AD39280032A9EF /* Resources */ = {
			isa = PBXResourcesBuildPhase;
			buildActionMask = 2147483647;
			files = (
				18A8744D21AD39280032A9EF /* LaunchScreen.storyboard in Resources */,
				18A8744A21AD39280032A9EF /* Assets.xcassets in Resources */,
				18A8744821AD39280032A9EF /* Main.storyboard in Resources */,
			);
			runOnlyForDeploymentPostprocessing = 0;
		};
		18A8745121AD39280032A9EF /* Resources */ = {
			isa = PBXResourcesBuildPhase;
			buildActionMask = 2147483647;
			files = (
			);
			runOnlyForDeploymentPostprocessing = 0;
		};
		18A8745C21AD39280032A9EF /* Resources */ = {
			isa = PBXResourcesBuildPhase;
			buildActionMask = 2147483647;
			files = (
			);
			runOnlyForDeploymentPostprocessing = 0;
		};
/* End PBXResourcesBuildPhase section */

/* Begin PBXSourcesBuildPhase section */
		18A8743B21AD39280032A9EF /* Sources */ = {
			isa = PBXSourcesBuildPhase;
			buildActionMask = 2147483647;
			files = (
				18A8747321AD399A0032A9EF /* CircleView.swift in Sources */,
				18A8744521AD39280032A9EF /* ViewController.swift in Sources */,
				18A8744321AD39280032A9EF /* AppDelegate.swift in Sources */,
			);
			runOnlyForDeploymentPostprocessing = 0;
		};
		18A8744F21AD39280032A9EF /* Sources */ = {
			isa = PBXSourcesBuildPhase;
			buildActionMask = 2147483647;
			files = (
				18A8745821AD39280032A9EF /* GestureTests.swift in Sources */,
			);
			runOnlyForDeploymentPostprocessing = 0;
		};
		18A8745A21AD39280032A9EF /* Sources */ = {
			isa = PBXSourcesBuildPhase;
			buildActionMask = 2147483647;
			files = (
				18A8746321AD39280032A9EF /* GestureUITests.swift in Sources */,
			);
			runOnlyForDeploymentPostprocessing = 0;
		};
/* End PBXSourcesBuildPhase section */

/* Begin PBXTargetDependency section */
		18A8745521AD39280032A9EF /* PBXTargetDependency */ = {
			isa = PBXTargetDependency;
			target = 18A8743E21AD39280032A9EF /* Gesture */;
			targetProxy = 18A8745421AD39280032A9EF /* PBXContainerItemProxy */;
		};
		18A8746021AD39280032A9EF /* PBXTargetDependency */ = {
			isa = PBXTargetDependency;
			target = 18A8743E21AD39280032A9EF /* Gesture */;
			targetProxy = 18A8745F21AD39280032A9EF /* PBXContainerItemProxy */;
		};
/* End PBXTargetDependency section */

/* Begin PBXVariantGroup section */
		18A8744621AD39280032A9EF /* Main.storyboard */ = {
			isa = PBXVariantGroup;
			children = (
				18A8744721AD39280032A9EF /* Base */,
			);
			name = Main.storyboard;
			sourceTree = "<group>";
		};
		18A8744B21AD39280032A9EF /* LaunchScreen.storyboard */ = {
			isa = PBXVariantGroup;
			children = (
				18A8744C21AD39280032A9EF /* Base */,
			);
			name = LaunchScreen.storyboard;
			sourceTree = "<group>";
		};
/* End PBXVariantGroup section */

/* Begin XCBuildConfiguration section */
		18A8746521AD39280032A9EF /* Debug */ = {
			isa = XCBuildConfiguration;
			buildSettings = {
				ALWAYS_SEARCH_USER_PATHS = NO;
				CLANG_ANALYZER_NONNULL = YES;
				CLANG_ANALYZER_NUMBER_OBJECT_CONVERSION = YES_AGGRESSIVE;
				CLANG_CXX_LANGUAGE_STANDARD = "gnu++14";
				CLANG_CXX_LIBRARY = "libc++";
				CLANG_ENABLE_MODULES = YES;
				CLANG_ENABLE_OBJC_ARC = YES;
				CLANG_WARN_BLOCK_CAPTURE_AUTORELEASING = YES;
				CLANG_WARN_BOOL_CONVERSION = YES;
				CLANG_WARN_COMMA = YES;
				CLANG_WARN_CONSTANT_CONVERSION = YES;
				CLANG_WARN_DIRECT_OBJC_ISA_USAGE = YES_ERROR;
				CLANG_WARN_DOCUMENTATION_COMMENTS = YES;
				CLANG_WARN_EMPTY_BODY = YES;
				CLANG_WARN_ENUM_CONVERSION = YES;
				CLANG_WARN_INFINITE_RECURSION = YES;
				CLANG_WARN_INT_CONVERSION = YES;
				CLANG_WARN_NON_LITERAL_NULL_CONVERSION = YES;
				CLANG_WARN_OBJC_LITERAL_CONVERSION = YES;
				CLANG_WARN_OBJC_ROOT_CLASS = YES_ERROR;
				CLANG_WARN_RANGE_LOOP_ANALYSIS = YES;
				CLANG_WARN_STRICT_PROTOTYPES = YES;
				CLANG_WARN_SUSPICIOUS_MOVE = YES;
				CLANG_WARN_UNGUARDED_AVAILABILITY = YES_AGGRESSIVE;
				CLANG_WARN_UNREACHABLE_CODE = YES;
				CLANG_WARN__DUPLICATE_METHOD_MATCH = YES;
				CODE_SIGN_IDENTITY = "iPhone Developer";
				COPY_PHASE_STRIP = NO;
				DEBUG_INFORMATION_FORMAT = dwarf;
				ENABLE_STRICT_OBJC_MSGSEND = YES;
				ENABLE_TESTABILITY = YES;
				GCC_C_LANGUAGE_STANDARD = gnu11;
				GCC_DYNAMIC_NO_PIC = NO;
				GCC_NO_COMMON_BLOCKS = YES;
				GCC_OPTIMIZATION_LEVEL = 0;
				GCC_PREPROCESSOR_DEFINITIONS = (
					"DEBUG=1",
					"$(inherited)",
				);
				GCC_WARN_64_TO_32_BIT_CONVERSION = YES;
				GCC_WARN_ABOUT_RETURN_TYPE = YES_ERROR;
				GCC_WARN_UNDECLARED_SELECTOR = YES;
				GCC_WARN_UNINITIALIZED_AUTOS = YES_AGGRESSIVE;
				GCC_WARN_UNUSED_FUNCTION = YES;
				GCC_WARN_UNUSED_VARIABLE = YES;
				IPHONEOS_DEPLOYMENT_TARGET = 11.2;
				MTL_ENABLE_DEBUG_INFO = YES;
				ONLY_ACTIVE_ARCH = YES;
				SDKROOT = iphoneos;
				SWIFT_ACTIVE_COMPILATION_CONDITIONS = DEBUG;
				SWIFT_OPTIMIZATION_LEVEL = "-Onone";
			};
			name = Debug;
		};
		18A8746621AD39280032A9EF /* Release */ = {
			isa = XCBuildConfiguration;
			buildSettings = {
				ALWAYS_SEARCH_USER_PATHS = NO;
				CLANG_ANALYZER_NONNULL = YES;
				CLANG_ANALYZER_NUMBER_OBJECT_CONVERSION = YES_AGGRESSIVE;
				CLANG_CXX_LANGUAGE_STANDARD = "gnu++14";
				CLANG_CXX_LIBRARY = "libc++";
				CLANG_ENABLE_MODULES = YES;
				CLANG_ENABLE_OBJC_ARC = YES;
				CLANG_WARN_BLOCK_CAPTURE_AUTORELEASING = YES;
				CLANG_WARN_BOOL_CONVERSION = YES;
				CLANG_WARN_COMMA = YES;
				CLANG_WARN_CONSTANT_CONVERSION = YES;
				CLANG_WARN_DIRECT_OBJC_ISA_USAGE = YES_ERROR;
				CLANG_WARN_DOCUMENTATION_COMMENTS = YES;
				CLANG_WARN_EMPTY_BODY = YES;
				CLANG_WARN_ENUM_CONVERSION = YES;
				CLANG_WARN_INFINITE_RECURSION = YES;
				CLANG_WARN_INT_CONVERSION = YES;
				CLANG_WARN_NON_LITERAL_NULL_CONVERSION = YES;
				CLANG_WARN_OBJC_LITERAL_CONVERSION = YES;
				CLANG_WARN_OBJC_ROOT_CLASS = YES_ERROR;
				CLANG_WARN_RANGE_LOOP_ANALYSIS = YES;
				CLANG_WARN_STRICT_PROTOTYPES = YES;
				CLANG_WARN_SUSPICIOUS_MOVE = YES;
				CLANG_WARN_UNGUARDED_AVAILABILITY = YES_AGGRESSIVE;
				CLANG_WARN_UNREACHABLE_CODE = YES;
				CLANG_WARN__DUPLICATE_METHOD_MATCH = YES;
				CODE_SIGN_IDENTITY = "iPhone Developer";
				COPY_PHASE_STRIP = NO;
				DEBUG_INFORMATION_FORMAT = "dwarf-with-dsym";
				ENABLE_NS_ASSERTIONS = NO;
				ENABLE_STRICT_OBJC_MSGSEND = YES;
				GCC_C_LANGUAGE_STANDARD = gnu11;
				GCC_NO_COMMON_BLOCKS = YES;
				GCC_WARN_64_TO_32_BIT_CONVERSION = YES;
				GCC_WARN_ABOUT_RETURN_TYPE = YES_ERROR;
				GCC_WARN_UNDECLARED_SELECTOR = YES;
				GCC_WARN_UNINITIALIZED_AUTOS = YES_AGGRESSIVE;
				GCC_WARN_UNUSED_FUNCTION = YES;
				GCC_WARN_UNUSED_VARIABLE = YES;
				IPHONEOS_DEPLOYMENT_TARGET = 11.2;
				MTL_ENABLE_DEBUG_INFO = NO;
				SDKROOT = iphoneos;
				SWIFT_OPTIMIZATION_LEVEL = "-Owholemodule";
				VALIDATE_PRODUCT = YES;
			};
			name = Release;
		};
		18A8746821AD39280032A9EF /* Debug */ = {
			isa = XCBuildConfiguration;
			buildSettings = {
				ASSETCATALOG_COMPILER_APPICON_NAME = AppIcon;
				CODE_SIGN_STYLE = Automatic;
				INFOPLIST_FILE = Gesture/Info.plist;
				LD_RUNPATH_SEARCH_PATHS = "$(inherited) @executable_path/Frameworks";
				PRODUCT_BUNDLE_IDENTIFIER = "-016110334.Gesture";
				PRODUCT_NAME = "$(TARGET_NAME)";
				SWIFT_VERSION = 4.0;
				TARGETED_DEVICE_FAMILY = "1,2";
			};
			name = Debug;
		};
		18A8746921AD39280032A9EF /* Release */ = {
			isa = XCBuildConfiguration;
			buildSettings = {
				ASSETCATALOG_COMPILER_APPICON_NAME = AppIcon;
				CODE_SIGN_STYLE = Automatic;
				INFOPLIST_FILE = Gesture/Info.plist;
				LD_RUNPATH_SEARCH_PATHS = "$(inherited) @executable_path/Frameworks";
				PRODUCT_BUNDLE_IDENTIFIER = "-016110334.Gesture";
				PRODUCT_NAME = "$(TARGET_NAME)";
				SWIFT_VERSION = 4.0;
				TARGETED_DEVICE_FAMILY = "1,2";
			};
			name = Release;
		};
		18A8746B21AD39280032A9EF /* Debug */ = {
			isa = XCBuildConfiguration;
			buildSettings = {
				ALWAYS_EMBED_SWIFT_STANDARD_LIBRARIES = YES;
				BUNDLE_LOADER = "$(TEST_HOST)";
				CODE_SIGN_STYLE = Automatic;
				INFOPLIST_FILE = GestureTests/Info.plist;
				LD_RUNPATH_SEARCH_PATHS = "$(inherited) @executable_path/Frameworks @loader_path/Frameworks";
				PRODUCT_BUNDLE_IDENTIFIER = "-016110334.GestureTests";
				PRODUCT_NAME = "$(TARGET_NAME)";
				SWIFT_VERSION = 4.0;
				TARGETED_DEVICE_FAMILY = "1,2";
				TEST_HOST = "$(BUILT_PRODUCTS_DIR)/Gesture.app/Gesture";
			};
			name = Debug;
		};
		18A8746C21AD39280032A9EF /* Release */ = {
			isa = XCBuildConfiguration;
			buildSettings = {
				ALWAYS_EMBED_SWIFT_STANDARD_LIBRARIES = YES;
				BUNDLE_LOADER = "$(TEST_HOST)";
				CODE_SIGN_STYLE = Automatic;
				INFOPLIST_FILE = GestureTests/Info.plist;
				LD_RUNPATH_SEARCH_PATHS = "$(inherited) @executable_path/Frameworks @loader_path/Frameworks";
				PRODUCT_BUNDLE_IDENTIFIER = "-016110334.GestureTests";
				PRODUCT_NAME = "$(TARGET_NAME)";
				SWIFT_VERSION = 4.0;
				TARGETED_DEVICE_FAMILY = "1,2";
				TEST_HOST = "$(BUILT_PRODUCTS_DIR)/Gesture.app/Gesture";
			};
			name = Release;
		};
		18A8746E21AD39280032A9EF /* Debug */ = {
			isa = XCBuildConfiguration;
			buildSettings = {
				ALWAYS_EMBED_SWIFT_STANDARD_LIBRARIES = YES;
				CODE_SIGN_STYLE = Automatic;
				INFOPLIST_FILE = GestureUITests/Info.plist;
				LD_RUNPATH_SEARCH_PATHS = "$(inherited) @executable_path/Frameworks @loader_path/Frameworks";
				PRODUCT_BUNDLE_IDENTIFIER = "-016110334.GestureUITests";
				PRODUCT_NAME = "$(TARGET_NAME)";
				SWIFT_VERSION = 4.0;
				TARGETED_DEVICE_FAMILY = "1,2";
				TEST_TARGET_NAME = Gesture;
			};
			name = Debug;
		};
		18A8746F21AD39280032A9EF /* Release */ = {
			isa = XCBuildConfiguration;
			buildSettings = {
				ALWAYS_EMBED_SWIFT_STANDARD_LIBRARIES = YES;
				CODE_SIGN_STYLE = Automatic;
				INFOPLIST_FILE = GestureUITests/Info.plist;
				LD_RUNPATH_SEARCH_PATHS = "$(inherited) @executable_path/Frameworks @loader_path/Frameworks";
				PRODUCT_BUNDLE_IDENTIFIER = "-016110334.GestureUITests";
				PRODUCT_NAME = "$(TARGET_NAME)";
				SWIFT_VERSION = 4.0;
				TARGETED_DEVICE_FAMILY = "1,2";
				TEST_TARGET_NAME = Gesture;
			};
			name = Release;
		};
/* End XCBuildConfiguration section */

/* Begin XCConfigurationList section */
		18A8743A21AD39280032A9EF /* Build configuration list for PBXProject "Gesture" */ = {
			isa = XCConfigurationList;
			buildConfigurations = (
				18A8746521AD39280032A9EF /* Debug */,
				18A8746621AD39280032A9EF /* Release */,
			);
			defaultConfigurationIsVisible = 0;
			defaultConfigurationName = Release;
		};
		18A8746721AD39280032A9EF /* Build configuration list for PBXNativeTarget "Gesture" */ = {
			isa = XCConfigurationList;
			buildConfigurations = (
				18A8746821AD39280032A9EF /* Debug */,
				18A8746921AD39280032A9EF /* Release */,
			);
			defaultConfigurationIsVisible = 0;
			defaultConfigurationName = Release;
		};
		18A8746A21AD39280032A9EF /* Build configuration list for PBXNativeTarget "GestureTests" */ = {
			isa = XCConfigurationList;
			buildConfigurations = (
				18A8746B21AD39280032A9EF /* Debug */,
				18A8746C21AD39280032A9EF /* Release */,
			);
			defaultConfigurationIsVisible = 0;
			defaultConfigurationName = Release;
		};
		18A8746D21AD39280032A9EF /* Build configuration list for PBXNativeTarget "GestureUITests" */ = {
			isa = XCConfigurationList;
			buildConfigurations = (
				18A8746E21AD39280032A9EF /* Debug */,
				18A8746F21AD39280032A9EF /* Release */,
			);
			defaultConfigurationIsVisible = 0;
			defaultConfigurationName = Release;
		};
/* End XCConfigurationList section */
	};
	rootObject = 18A8743721AD39280032A9EF /* Project object */;
}
